
Microsoft Visual Studio Solution File, Format Version 12.00
# Visual Studio Version 17
VisualStudioVersion = 17.8.34330.188
MinimumVisualStudioVersion = 10.0.40219.1
Project("{FAE04EC0-301F-11D3-BF4B-00C04F79EFBC}") = "test1", "test1\test1.csproj", "{D95C53E3-8C02-49BF-8DBC-2A7996D93FC4}"
EndProject
Global
	GlobalSection(SolutionConfigurationPlatforms) = preSolution
		Debug|Any CPU = Debug|Any CPU
		Release|Any CPU = Release|Any CPU
	EndGlobalSection
	GlobalSection(ProjectConfigurationPlatforms) = postSolution
		{D95C53E3-8C02-49BF-8DBC-2A7996D93FC4}.Debug|Any CPU.ActiveCfg = Debug|Any CPU
		{D95C53E3-8C02-49BF-8DBC-2A7996D93FC4}.Debug|Any CPU.Build.0 = Debug|Any CPU
		{D95C53E3-8C02-49BF-8DBC-2A7996D93FC4}.Release|Any CPU.ActiveCfg = Release|Any CPU
		{D95C53E3-8C02-49BF-8DBC-2A7996D93FC4}.Release|Any CPU.Build.0 = Release|Any CPU
	EndGlobalSection
	GlobalSection(SolutionProperties) = preSolution
		HideSolutionNode = FALSE
	EndGlobalSection
	GlobalSection(ExtensibilityGlobals) = postSolution
		SolutionGuid = {E09FFAC6-1311-4C13-B24C-02CD92CCBA36}
	EndGlobalSection
EndGlobal
